
Microsoft Visual Studio Solution File, Format Version 12.00
# Visual Studio Version 16
VisualStudioVersion = 16.6.30114.105
MinimumVisualStudioVersion = 10.0.40219.1
Project("{FAE04EC0-301F-11D3-BF4B-00C04F79EFBC}") = "ClassLibrary", "ClassLibrary\ClassLibrary.csproj", "{F3120A70-E618-4243-A7B8-0A5F0C6FB88B}"
EndProject
Project("{FAE04EC0-301F-11D3-BF4B-00C04F79EFBC}") = "UpdateIndex", "UpdateIndex\UpdateIndex.csproj", "{6C8EDB53-48B2-41CD-B47A-7CF52439C067}"
EndProject
Project("{FAE04EC0-301F-11D3-BF4B-00C04F79EFBC}") = "UpdatePages", "UpdatePages\UpdatePages.csproj", "{C763EB76-8795-4361-B2F7-D09DC16F4973}"
EndProject
Global
	GlobalSection(SolutionConfigurationPlatforms) = preSolution
		Debug|Any CPU = Debug|Any CPU
		Debug|x64 = Debug|x64
		Debug|x86 = Debug|x86
		Release|Any CPU = Release|Any CPU
		Release|x64 = Release|x64
		Release|x86 = Release|x86
	EndGlobalSection
	GlobalSection(SolutionProperties) = preSolution
		HideSolutionNode = FALSE
	EndGlobalSection
	GlobalSection(ProjectConfigurationPlatforms) = postSolution
		{F3120A70-E618-4243-A7B8-0A5F0C6FB88B}.Debug|Any CPU.ActiveCfg = Debug|Any CPU
		{F3120A70-E618-4243-A7B8-0A5F0C6FB88B}.Debug|Any CPU.Build.0 = Debug|Any CPU
		{F3120A70-E618-4243-A7B8-0A5F0C6FB88B}.Debug|x64.ActiveCfg = Debug|Any CPU
		{F3120A70-E618-4243-A7B8-0A5F0C6FB88B}.Debug|x64.Build.0 = Debug|Any CPU
		{F3120A70-E618-4243-A7B8-0A5F0C6FB88B}.Debug|x86.ActiveCfg = Debug|Any CPU
		{F3120A70-E618-4243-A7B8-0A5F0C6FB88B}.Debug|x86.Build.0 = Debug|Any CPU
		{F3120A70-E618-4243-A7B8-0A5F0C6FB88B}.Release|Any CPU.ActiveCfg = Release|Any CPU
		{F3120A70-E618-4243-A7B8-0A5F0C6FB88B}.Release|Any CPU.Build.0 = Release|Any CPU
		{F3120A70-E618-4243-A7B8-0A5F0C6FB88B}.Release|x64.ActiveCfg = Release|Any CPU
		{F3120A70-E618-4243-A7B8-0A5F0C6FB88B}.Release|x64.Build.0 = Release|Any CPU
		{F3120A70-E618-4243-A7B8-0A5F0C6FB88B}.Release|x86.ActiveCfg = Release|Any CPU
		{F3120A70-E618-4243-A7B8-0A5F0C6FB88B}.Release|x86.Build.0 = Release|Any CPU
		{6C8EDB53-48B2-41CD-B47A-7CF52439C067}.Debug|Any CPU.ActiveCfg = Debug|Any CPU
		{6C8EDB53-48B2-41CD-B47A-7CF52439C067}.Debug|Any CPU.Build.0 = Debug|Any CPU
		{6C8EDB53-48B2-41CD-B47A-7CF52439C067}.Debug|x64.ActiveCfg = Debug|Any CPU
		{6C8EDB53-48B2-41CD-B47A-7CF52439C067}.Debug|x64.Build.0 = Debug|Any CPU
		{6C8EDB53-48B2-41CD-B47A-7CF52439C067}.Debug|x86.ActiveCfg = Debug|Any CPU
		{6C8EDB53-48B2-41CD-B47A-7CF52439C067}.Debug|x86.Build.0 = Debug|Any CPU
		{6C8EDB53-48B2-41CD-B47A-7CF52439C067}.Release|Any CPU.ActiveCfg = Release|Any CPU
		{6C8EDB53-48B2-41CD-B47A-7CF52439C067}.Release|Any CPU.Build.0 = Release|Any CPU
		{6C8EDB53-48B2-41CD-B47A-7CF52439C067}.Release|x64.ActiveCfg = Release|Any CPU
		{6C8EDB53-48B2-41CD-B47A-7CF52439C067}.Release|x64.Build.0 = Release|Any CPU
		{6C8EDB53-48B2-41CD-B47A-7CF52439C067}.Release|x86.ActiveCfg = Release|Any CPU
		{6C8EDB53-48B2-41CD-B47A-7CF52439C067}.Release|x86.Build.0 = Release|Any CPU
		{C763EB76-8795-4361-B2F7-D09DC16F4973}.Debug|Any CPU.ActiveCfg = Debug|Any CPU
		{C763EB76-8795-4361-B2F7-D09DC16F4973}.Debug|Any CPU.Build.0 = Debug|Any CPU
		{C763EB76-8795-4361-B2F7-D09DC16F4973}.Debug|x64.ActiveCfg = Debug|Any CPU
		{C763EB76-8795-4361-B2F7-D09DC16F4973}.Debug|x64.Build.0 = Debug|Any CPU
		{C763EB76-8795-4361-B2F7-D09DC16F4973}.Debug|x86.ActiveCfg = Debug|Any CPU
		{C763EB76-8795-4361-B2F7-D09DC16F4973}.Debug|x86.Build.0 = Debug|Any CPU
		{C763EB76-8795-4361-B2F7-D09DC16F4973}.Release|Any CPU.ActiveCfg = Release|Any CPU
		{C763EB76-8795-4361-B2F7-D09DC16F4973}.Release|Any CPU.Build.0 = Release|Any CPU
		{C763EB76-8795-4361-B2F7-D09DC16F4973}.Release|x64.ActiveCfg = Release|Any CPU
		{C763EB76-8795-4361-B2F7-D09DC16F4973}.Release|x64.Build.0 = Release|Any CPU
		{C763EB76-8795-4361-B2F7-D09DC16F4973}.Release|x86.ActiveCfg = Release|Any CPU
		{C763EB76-8795-4361-B2F7-D09DC16F4973}.Release|x86.Build.0 = Release|Any CPU
	EndGlobalSection
EndGlobal
